version = 1
revision = 2
requires-python = ">=3.11"

[manifest]
members = [
    "renovate-uv-workspace-test",
    "subpackage",
]

[[package]]
name = "numpy"
version = "1.26.4"
source = { registry = "https://uni-codeartifact-209479306031.d.codeartifact.us-east-2.amazonaws.com/pypi/uni-codeartifact/simple" }
sdist = { url = "https://uni-codeartifact-209479306031.d.codeartifact.us-east-2.amazonaws.com/pypi/uni-codeartifact/simple/numpy/1.26.4/numpy-1.26.4.tar.gz", hash = "sha256:2a02aba9ed12e4ac4eb3ea9421c420301a0c6460d9830d74a9df87efa4912010" }
wheels = [
    { url = "https://uni-codeartifact-209479306031.d.codeartifact.us-east-2.amazonaws.com/pypi/uni-codeartifact/simple/numpy/1.26.4/numpy-1.26.4-cp311-cp311-macosx_10_9_x86_64.whl", hash = "sha256:4c66707fabe114439db9068ee468c26bbdf909cac0fb58686a42a24de1760c71" },
    { url = "https://uni-codeartifact-209479306031.d.codeartifact.us-east-2.amazonaws.com/pypi/uni-codeartifact/simple/numpy/1.26.4/numpy-1.26.4-cp311-cp311-macosx_11_0_arm64.whl", hash = "sha256:edd8b5fe47dab091176d21bb6de568acdd906d1887a4584a15a9a96a1dca06ef" },
    { url = "https://uni-codeartifact-209479306031.d.codeartifact.us-east-2.amazonaws.com/pypi/uni-codeartifact/simple/numpy/1.26.4/numpy-1.26.4-cp311-cp311-manylinux_2_17_aarch64.manylinux2014_aarch64.whl", hash = "sha256:7ab55401287bfec946ced39700c053796e7cc0e3acbef09993a9ad2adba6ca6e" },
    { url = "https://uni-codeartifact-209479306031.d.codeartifact.us-east-2.amazonaws.com/pypi/uni-codeartifact/simple/numpy/1.26.4/numpy-1.26.4-cp311-cp311-manylinux_2_17_x86_64.manylinux2014_x86_64.whl", hash = "sha256:666dbfb6ec68962c033a450943ded891bed2d54e6755e35e5835d63f4f6931d5" },
    { url = "https://uni-codeartifact-209479306031.d.codeartifact.us-east-2.amazonaws.com/pypi/uni-codeartifact/simple/numpy/1.26.4/numpy-1.26.4-cp311-cp311-musllinux_1_1_aarch64.whl", hash = "sha256:96ff0b2ad353d8f990b63294c8986f1ec3cb19d749234014f4e7eb0112ceba5a" },
    { url = "https://uni-codeartifact-209479306031.d.codeartifact.us-east-2.amazonaws.com/pypi/uni-codeartifact/simple/numpy/1.26.4/numpy-1.26.4-cp311-cp311-musllinux_1_1_x86_64.whl", hash = "sha256:60dedbb91afcbfdc9bc0b1f3f402804070deed7392c23eb7a7f07fa857868e8a" },
    { url = "https://uni-codeartifact-209479306031.d.codeartifact.us-east-2.amazonaws.com/pypi/uni-codeartifact/simple/numpy/1.26.4/numpy-1.26.4-cp311-cp311-win32.whl", hash = "sha256:1af303d6b2210eb850fcf03064d364652b7120803a0b872f5211f5234b399f20" },
    { url = "https://uni-codeartifact-209479306031.d.codeartifact.us-east-2.amazonaws.com/pypi/uni-codeartifact/simple/numpy/1.26.4/numpy-1.26.4-cp311-cp311-win_amd64.whl", hash = "sha256:cd25bcecc4974d09257ffcd1f098ee778f7834c3ad767fe5db785be9a4aa9cb2" },
    { url = "https://uni-codeartifact-209479306031.d.codeartifact.us-east-2.amazonaws.com/pypi/uni-codeartifact/simple/numpy/1.26.4/numpy-1.26.4-cp312-cp312-macosx_10_9_x86_64.whl", hash = "sha256:b3ce300f3644fb06443ee2222c2201dd3a89ea6040541412b8fa189341847218" },
    { url = "https://uni-codeartifact-209479306031.d.codeartifact.us-east-2.amazonaws.com/pypi/uni-codeartifact/simple/numpy/1.26.4/numpy-1.26.4-cp312-cp312-macosx_11_0_arm64.whl", hash = "sha256:03a8c78d01d9781b28a6989f6fa1bb2c4f2d51201cf99d3dd875df6fbd96b23b" },
    { url = "https://uni-codeartifact-209479306031.d.codeartifact.us-east-2.amazonaws.com/pypi/uni-codeartifact/simple/numpy/1.26.4/numpy-1.26.4-cp312-cp312-manylinux_2_17_aarch64.manylinux2014_aarch64.whl", hash = "sha256:9fad7dcb1aac3c7f0584a5a8133e3a43eeb2fe127f47e3632d43d677c66c102b" },
    { url = "https://uni-codeartifact-209479306031.d.codeartifact.us-east-2.amazonaws.com/pypi/uni-codeartifact/simple/numpy/1.26.4/numpy-1.26.4-cp312-cp312-manylinux_2_17_x86_64.manylinux2014_x86_64.whl", hash = "sha256:675d61ffbfa78604709862923189bad94014bef562cc35cf61d3a07bba02a7ed" },
    { url = "https://uni-codeartifact-209479306031.d.codeartifact.us-east-2.amazonaws.com/pypi/uni-codeartifact/simple/numpy/1.26.4/numpy-1.26.4-cp312-cp312-musllinux_1_1_aarch64.whl", hash = "sha256:ab47dbe5cc8210f55aa58e4805fe224dac469cde56b9f731a4c098b91917159a" },
    { url = "https://uni-codeartifact-209479306031.d.codeartifact.us-east-2.amazonaws.com/pypi/uni-codeartifact/simple/numpy/1.26.4/numpy-1.26.4-cp312-cp312-musllinux_1_1_x86_64.whl", hash = "sha256:1dda2e7b4ec9dd512f84935c5f126c8bd8b9f2fc001e9f54af255e8c5f16b0e0" },
    { url = "https://uni-codeartifact-209479306031.d.codeartifact.us-east-2.amazonaws.com/pypi/uni-codeartifact/simple/numpy/1.26.4/numpy-1.26.4-cp312-cp312-win32.whl", hash = "sha256:50193e430acfc1346175fcbdaa28ffec49947a06918b7b92130744e81e640110" },
    { url = "https://uni-codeartifact-209479306031.d.codeartifact.us-east-2.amazonaws.com/pypi/uni-codeartifact/simple/numpy/1.26.4/numpy-1.26.4-cp312-cp312-win_amd64.whl", hash = "sha256:08beddf13648eb95f8d867350f6a018a4be2e5ad54c8d8caed89ebca558b2818" },
]

[[package]]
name = "polars"
version = "0.20.31"
source = { registry = "https://uni-codeartifact-209479306031.d.codeartifact.us-east-2.amazonaws.com/pypi/uni-codeartifact/simple" }
sdist = { url = "https://uni-codeartifact-209479306031.d.codeartifact.us-east-2.amazonaws.com/pypi/uni-codeartifact/simple/polars/0.20.31/polars-0.20.31.tar.gz", hash = "sha256:00f62dec6bf43a4e2a5db58b99bf0e79699fe761c80ae665868eaea5168f3bbb" }
wheels = [
    { url = "https://uni-codeartifact-209479306031.d.codeartifact.us-east-2.amazonaws.com/pypi/uni-codeartifact/simple/polars/0.20.31/polars-0.20.31-cp38-abi3-macosx_10_12_x86_64.whl", hash = "sha256:86454ade5ed302bbf87f145cfcb1b14f7a5765a9440e448659e1f3dba6ac4e79" },
    { url = "https://uni-codeartifact-209479306031.d.codeartifact.us-east-2.amazonaws.com/pypi/uni-codeartifact/simple/polars/0.20.31/polars-0.20.31-cp38-abi3-macosx_11_0_arm64.whl", hash = "sha256:67f2fe842262b7e1b9371edad21b760f6734d28b74c78dda88dff1bf031b9499" },
    { url = "https://uni-codeartifact-209479306031.d.codeartifact.us-east-2.amazonaws.com/pypi/uni-codeartifact/simple/polars/0.20.31/polars-0.20.31-cp38-abi3-manylinux_2_17_x86_64.manylinux2014_x86_64.whl", hash = "sha256:24b82441f93409e0e8abd6f427b029db102f02b8de328cee9a680f84b84e3736" },
    { url = "https://uni-codeartifact-209479306031.d.codeartifact.us-east-2.amazonaws.com/pypi/uni-codeartifact/simple/polars/0.20.31/polars-0.20.31-cp38-abi3-manylinux_2_24_aarch64.whl", hash = "sha256:87f43bce4d41abf8c8c5658d881e4b8378e5c61010a696bfea8b4106b908e916" },
    { url = "https://uni-codeartifact-209479306031.d.codeartifact.us-east-2.amazonaws.com/pypi/uni-codeartifact/simple/polars/0.20.31/polars-0.20.31-cp38-abi3-win_amd64.whl", hash = "sha256:2d7567c9fd9d3b9aa93387ca9880d9e8f7acea3c0a0555c03d8c0c2f0715d43c" },
]

[[package]]
name = "renovate-uv-workspace-test"
version = "0.1.0"
source = { virtual = "." }
dependencies = [
    { name = "numpy" },
]

[package.metadata]
requires-dist = [{ name = "numpy" }]

[[package]]
name = "subpackage"
version = "0.1.0"
source = { editable = "subpackage" }
dependencies = [
    { name = "polars" },
]

[package.metadata]
requires-dist = [{ name = "polars" }]
